
Microsoft Visual Studio Solution File, Format Version 12.00
# Visual Studio Version 17
VisualStudioVersion = 17.0.31903.59
MinimumVisualStudioVersion = 10.0.40219.1

Project("{2150E333-8FDC-42A3-9474-1A3956D46DE8}") = "src", "src", "{F1C8E7A1-1234-4B56-9ABC-DEF012345678}"
EndProject
Project("{2150E333-8FDC-42A3-9474-1A3956D46DE8}") = "services", "services", "{F2C8E7A2-1234-4B56-9ABC-DEF012345679}"
EndProject
Project("{2150E333-8FDC-42A3-9474-1A3956D46DE8}") = "UserService", "UserService", "{F3C8E7A3-1234-4B56-9ABC-DEF012345680}"
EndProject
Project("{2150E333-8FDC-42A3-9474-1A3956D46DE8}") = "shared", "shared", "{F4C8E7A4-1234-4B56-9ABC-DEF012345681}"
EndProject
Project("{2150E333-8FDC-42A3-9474-1A3956D46DE8}") = "tests", "tests", "{F5C8E7A5-1234-4B56-9ABC-DEF012345682}"
EndProject
Project("{FAE04EC0-301F-11D3-BF4B-00C04F79EFBC}") = "UserService.Domain", "src\services\UserService\UserService.Domain\UserService.Domain.csproj", "{A1C8E7A1-1234-4B56-9ABC-DEF012345683}"
EndProject
Project("{FAE04EC0-301F-11D3-BF4B-00C04F79EFBC}") = "UserService.Application", "src\services\UserService\UserService.Application\UserService.Application.csproj", "{A2C8E7A2-1234-4B56-9ABC-DEF012345684}"
EndProject
Project("{FAE04EC0-301F-11D3-BF4B-00C04F79EFBC}") = "UserService.Infrastructure", "src\services\UserService\UserService.Infrastructure\UserService.Infrastructure.csproj", "{A3C8E7A3-1234-4B56-9ABC-DEF012345685}"
EndProject
Project("{FAE04EC0-301F-11D3-BF4B-00C04F79EFBC}") = "UserService.Presentation", "src\services\UserService\UserService.Presentation\UserService.Presentation.csproj", "{A4C8E7A4-1234-4B56-9ABC-DEF012345686}"
EndProject
Project("{FAE04EC0-301F-11D3-BF4B-00C04F79EFBC}") = "UserService.Tests", "src\services\UserService\UserService.Tests\UserService.Tests.csproj", "{A5C8E7A5-1234-4B56-9ABC-DEF012345687}"
EndProject
Project("{FAE04EC0-301F-11D3-BF4B-00C04F79EFBC}") = "Common", "src\shared\Common\Common.csproj", "{A6C8E7A6-1234-4B56-9ABC-DEF012345688}"
EndProject
Project("{FAE04EC0-301F-11D3-BF4B-00C04F79EFBC}") = "Contracts", "src\shared\Contracts\Contracts.csproj", "{A7C8E7A7-1234-4B56-9ABC-DEF012345689}"
EndProject
Global
	GlobalSection(SolutionConfigurationPlatforms) = preSolution
		Debug|Any CPU = Debug|Any CPU
		Release|Any CPU = Release|Any CPU
	EndGlobalSection
	GlobalSection(ProjectConfigurationPlatforms) = postSolution
		{A1C8E7A1-1234-4B56-9ABC-DEF012345683}.Debug|Any CPU.ActiveCfg = Debug|Any CPU
		{A1C8E7A1-1234-4B56-9ABC-DEF012345683}.Debug|Any CPU.Build.0 = Debug|Any CPU
		{A1C8E7A1-1234-4B56-9ABC-DEF012345683}.Release|Any CPU.ActiveCfg = Release|Any CPU
		{A1C8E7A1-1234-4B56-9ABC-DEF012345683}.Release|Any CPU.Build.0 = Release|Any CPU
		{A2C8E7A2-1234-4B56-9ABC-DEF012345684}.Debug|Any CPU.ActiveCfg = Debug|Any CPU
		{A2C8E7A2-1234-4B56-9ABC-DEF012345684}.Debug|Any CPU.Build.0 = Debug|Any CPU
		{A2C8E7A2-1234-4B56-9ABC-DEF012345684}.Release|Any CPU.ActiveCfg = Release|Any CPU
		{A2C8E7A2-1234-4B56-9ABC-DEF012345684}.Release|Any CPU.Build.0 = Release|Any CPU
		{A3C8E7A3-1234-4B56-9ABC-DEF012345685}.Debug|Any CPU.ActiveCfg = Debug|Any CPU
		{A3C8E7A3-1234-4B56-9ABC-DEF012345685}.Debug|Any CPU.Build.0 = Debug|Any CPU
		{A3C8E7A3-1234-4B56-9ABC-DEF012345685}.Release|Any CPU.ActiveCfg = Release|Any CPU
		{A3C8E7A3-1234-4B56-9ABC-DEF012345685}.Release|Any CPU.Build.0 = Release|Any CPU
		{A4C8E7A4-1234-4B56-9ABC-DEF012345686}.Debug|Any CPU.ActiveCfg = Debug|Any CPU
		{A4C8E7A4-1234-4B56-9ABC-DEF012345686}.Debug|Any CPU.Build.0 = Debug|Any CPU
		{A4C8E7A4-1234-4B56-9ABC-DEF012345686}.Release|Any CPU.ActiveCfg = Release|Any CPU
		{A4C8E7A4-1234-4B56-9ABC-DEF012345686}.Release|Any CPU.Build.0 = Release|Any CPU
		{A5C8E7A5-1234-4B56-9ABC-DEF012345687}.Debug|Any CPU.ActiveCfg = Debug|Any CPU
		{A5C8E7A5-1234-4B56-9ABC-DEF012345687}.Debug|Any CPU.Build.0 = Debug|Any CPU
		{A5C8E7A5-1234-4B56-9ABC-DEF012345687}.Release|Any CPU.ActiveCfg = Release|Any CPU
		{A5C8E7A5-1234-4B56-9ABC-DEF012345687}.Release|Any CPU.Build.0 = Release|Any CPU
		{A6C8E7A6-1234-4B56-9ABC-DEF012345688}.Debug|Any CPU.ActiveCfg = Debug|Any CPU
		{A6C8E7A6-1234-4B56-9ABC-DEF012345688}.Debug|Any CPU.Build.0 = Debug|Any CPU
		{A6C8E7A6-1234-4B56-9ABC-DEF012345688}.Release|Any CPU.ActiveCfg = Release|Any CPU
		{A6C8E7A6-1234-4B56-9ABC-DEF012345688}.Release|Any CPU.Build.0 = Release|Any CPU
		{A7C8E7A7-1234-4B56-9ABC-DEF012345689}.Debug|Any CPU.ActiveCfg = Debug|Any CPU
		{A7C8E7A7-1234-4B56-9ABC-DEF012345689}.Debug|Any CPU.Build.0 = Debug|Any CPU
		{A7C8E7A7-1234-4B56-9ABC-DEF012345689}.Release|Any CPU.ActiveCfg = Release|Any CPU
		{A7C8E7A7-1234-4B56-9ABC-DEF012345689}.Release|Any CPU.Build.0 = Release|Any CPU
	EndGlobalSection
	GlobalSection(NestedProjects) = preSolution
		{F2C8E7A2-1234-4B56-9ABC-DEF012345679} = {F1C8E7A1-1234-4B56-9ABC-DEF012345678}
		{F3C8E7A3-1234-4B56-9ABC-DEF012345680} = {F2C8E7A2-1234-4B56-9ABC-DEF012345679}
		{F4C8E7A4-1234-4B56-9ABC-DEF012345681} = {F1C8E7A1-1234-4B56-9ABC-DEF012345678}
		{A1C8E7A1-1234-4B56-9ABC-DEF012345683} = {F3C8E7A3-1234-4B56-9ABC-DEF012345680}
		{A2C8E7A2-1234-4B56-9ABC-DEF012345684} = {F3C8E7A3-1234-4B56-9ABC-DEF012345680}
		{A3C8E7A3-1234-4B56-9ABC-DEF012345685} = {F3C8E7A3-1234-4B56-9ABC-DEF012345680}
		{A4C8E7A4-1234-4B56-9ABC-DEF012345686} = {F3C8E7A3-1234-4B56-9ABC-DEF012345680}
		{A5C8E7A5-1234-4B56-9ABC-DEF012345687} = {F3C8E7A3-1234-4B56-9ABC-DEF012345680}
		{A6C8E7A6-1234-4B56-9ABC-DEF012345688} = {F4C8E7A4-1234-4B56-9ABC-DEF012345681}
		{A7C8E7A7-1234-4B56-9ABC-DEF012345689} = {F4C8E7A4-1234-4B56-9ABC-DEF012345681}
	EndGlobalSection
EndGlobal
